<?xml version="1.0" encoding="utf-8"?>
<Project ToolsVersion="4.0" xmlns="http://schemas.microsoft.com/developer/msbuild/2003">
  <ItemGroup>
    <Filter Include="Source Files">
      <UniqueIdentifier>{4FC737F1-C7A5-4376-A066-2A32D752A2FF}</UniqueIdentifier>
      <Extensions>cpp;c;cc;cxx;c++;def;odl;idl;hpj;bat;asm;asmx</Extensions>
    </Filter>
    <Filter Include="Header Files">
      <UniqueIdentifier>{93995380-89BD-4b04-88EB-625FBE52EBFB}</UniqueIdentifier>
      <Extensions>h;hh;hpp;hxx;h++;hm;inl;inc;ipp;xsd</Extensions>
    </Filter>
    <Filter Include="Resource Files">
      <UniqueIdentifier>{67DA6AB6-F800-4c08-8B7A-83BB121AAD01}</UniqueIdentifier>
      <Extensions>rc;ico;cur;bmp;dlg;rc2;rct;bin;rgs;gif;jpg;jpeg;jpe;resx;tiff;tif;png;wav;mfcribbon-ms</Extensions>
    </Filter>
  </ItemGroup>
  <ItemGroup>
    <ClCompile Include="Utility.cpp">
      <Filter>Source Files</Filter>
    </ClCompile>
    <ClCompile Include="Opencl.cpp">
      <Filter>Source Files</Filter>
    </ClCompile>
    <ClCompile Include="SDLDraw.cpp">
      <Filter>Source Files</Filter>
    </ClCompile>
    <ClCompile Include="NaiveCL.cpp">
      <Filter>Source Files</Filter>
    </ClCompile>
    <ClCompile Include="BHSequential.cpp">
      <Filter>Source Files</Filter>
    </ClCompile>
    <ClCompile Include="BHParallel.cpp">
      <Filter>Source Files</Filter>
    </ClCompile>
    <ClCompile Include="instrument.cpp">
      <Filter>Source Files</Filter>
    </ClCompile>
    <ClCompile Include="cycletimer.cpp">
      <Filter>Source Files</Filter>
    </ClCompile>
    <ClCompile Include="Main.cpp">
      <Filter>Source Files</Filter>
    </ClCompile>
  </ItemGroup>
  <ItemGroup>
    <None Include="next_move.cl">
      <Filter>Source Files</Filter>
    </None>
    <None Include="C:\Program Files\SDL2-2.0.12\lib\x64\SDL2.dll">
      <Filter>Source Files</Filter>
    </None>
    <None Include="update_position.cl">
      <Filter>Source Files</Filter>
    </None>
    <None Include="compute_force_kernel.cl">
      <Filter>Source Files</Filter>
    </None>
  </ItemGroup>
  <ItemGroup>
    <ClInclude Include="Body.h">
      <Filter>Header Files</Filter>
    </ClInclude>
    <ClInclude Include="position.h">
      <Filter>Header Files</Filter>
    </ClInclude>
    <ClInclude Include="Opencl.h">
      <Filter>Header Files</Filter>
    </ClInclude>
    <ClInclude Include="Utility.h">
      <Filter>Header Files</Filter>
    </ClInclude>
    <ClInclude Include="Config.h">
      <Filter>Header Files</Filter>
    </ClInclude>
    <ClInclude Include="Simulator.h">
      <Filter>Header Files</Filter>
    </ClInclude>
    <ClInclude Include="SDLDraw.h">
      <Filter>Header Files</Filter>
    </ClInclude>
    <ClInclude Include="BH.h">
      <Filter>Header Files</Filter>
    </ClInclude>
    <ClInclude Include="instrument.h">
      <Filter>Header Files</Filter>
    </ClInclude>
    <ClInclude Include="cycletimer.h">
      <Filter>Header Files</Filter>
    </ClInclude>
    <ClInclude Include="Threadpool.h">
      <Filter>Header Files</Filter>
    </ClInclude>
  </ItemGroup>
</Project>